
Microsoft Visual Studio Solution File, Format Version 12.00
# Visual Studio Version 17
VisualStudioVersion = 17.0.31903.59
MinimumVisualStudioVersion = 10.0.40219.1
Project("{2150E333-8FDC-42A3-9474-1A3956D46DE8}") = "src", "src", "{827E0CD3-B72D-47B6-A68D-7590B98EB39B}"
EndProject
Project("{FAE04EC0-301F-11D3-BF4B-00C04F79EFBC}") = "RecyclingApp.SharedKernel", "src\RecyclingApp.SharedKernel\RecyclingApp.SharedKernel.csproj", "{07FC4C6C-AAA4-4134-953A-FD2A06256D89}"
EndProject
Project("{2150E333-8FDC-42A3-9474-1A3956D46DE8}") = "Modules", "Modules", "{EC447DCF-ABFA-6E24-52A5-D7FD48A5C558}"
EndProject
Project("{FAE04EC0-301F-11D3-BF4B-00C04F79EFBC}") = "RecyclingApp.Modules.Tenancy", "src\Modules\RecyclingApp.Modules.Tenancy\RecyclingApp.Modules.Tenancy.csproj", "{7625C334-FA1E-4729-989B-EFC6E8A6C2B4}"
EndProject
Project("{FAE04EC0-301F-11D3-BF4B-00C04F79EFBC}") = "RecyclingApp.Modules.Identity", "src\Modules\RecyclingApp.Modules.Identity\RecyclingApp.Modules.Identity.csproj", "{30FD7B46-C8CD-4F34-BBEB-10217B9F88CF}"
EndProject
Project("{FAE04EC0-301F-11D3-BF4B-00C04F79EFBC}") = "RecyclingApp.Infrastructure", "src\RecyclingApp.Infrastructure\RecyclingApp.Infrastructure.csproj", "{F45530C2-718B-4CE2-A331-A7FC2CAB1B30}"
EndProject
Project("{FAE04EC0-301F-11D3-BF4B-00C04F79EFBC}") = "RecyclingApp.Api", "src\RecyclingApp.Api\RecyclingApp.Api.csproj", "{F3027EAC-8851-49DA-BEE5-3120B0FA2E4D}"
EndProject
Project("{2150E333-8FDC-42A3-9474-1A3956D46DE8}") = "Aspire", "Aspire", "{52BF7FB6-37FF-5100-EFD1-124EFF302675}"
EndProject
Project("{FAE04EC0-301F-11D3-BF4B-00C04F79EFBC}") = "RecyclingApp.AppHost", "src\Aspire\RecyclingApp.AppHost\RecyclingApp.AppHost.csproj", "{DC97D16F-7396-4749-B5A5-A515EC13B779}"
EndProject
Project("{FAE04EC0-301F-11D3-BF4B-00C04F79EFBC}") = "RecyclingApp.ServiceDefaults", "src\Aspire\RecyclingApp.ServiceDefaults\RecyclingApp.ServiceDefaults.csproj", "{0D6B62EC-1E80-43BB-BEF7-0F3030B5F491}"
EndProject
Project("{FAE04EC0-301F-11D3-BF4B-00C04F79EFBC}") = "RecyclingApp.Modules.Catalog", "src\Modules\RecyclingApp.Modules.Catalog\RecyclingApp.Modules.Catalog.csproj", "{84BF65E5-EA52-425B-9EBF-30BF0E85C14E}"
EndProject
Project("{FAE04EC0-301F-11D3-BF4B-00C04F79EFBC}") = "RecyclingApp.Modules.Operations", "src\Modules\RecyclingApp.Modules.Operations\RecyclingApp.Modules.Operations.csproj", "{561F0896-F51E-4DAA-A50F-634CDCBD08DA}"
EndProject
Project("{2150E333-8FDC-42A3-9474-1A3956D46DE8}") = "tests", "tests", "{0AB3BF05-4346-4AA6-1389-037BE0695223}"
EndProject
Project("{FAE04EC0-301F-11D3-BF4B-00C04F79EFBC}") = "RecyclingApp.Modules.Operations.Tests", "tests\RecyclingApp.Modules.Operations.Tests\RecyclingApp.Modules.Operations.Tests.csproj", "{EBD9A9CE-77E1-4742-9ED6-F04F9BAB1206}"
EndProject
Project("{FAE04EC0-301F-11D3-BF4B-00C04F79EFBC}") = "RecyclingApp.Application", "src\RecyclingApp.Application\RecyclingApp.Application.csproj", "{430A345F-0313-4A81-8324-24F12546DD8E}"
EndProject
Global
	GlobalSection(SolutionConfigurationPlatforms) = preSolution
		Debug|Any CPU = Debug|Any CPU
		Debug|x64 = Debug|x64
		Debug|x86 = Debug|x86
		Release|Any CPU = Release|Any CPU
		Release|x64 = Release|x64
		Release|x86 = Release|x86
	EndGlobalSection
	GlobalSection(ProjectConfigurationPlatforms) = postSolution
		{07FC4C6C-AAA4-4134-953A-FD2A06256D89}.Debug|Any CPU.ActiveCfg = Debug|Any CPU
		{07FC4C6C-AAA4-4134-953A-FD2A06256D89}.Debug|Any CPU.Build.0 = Debug|Any CPU
		{07FC4C6C-AAA4-4134-953A-FD2A06256D89}.Debug|x64.ActiveCfg = Debug|Any CPU
		{07FC4C6C-AAA4-4134-953A-FD2A06256D89}.Debug|x64.Build.0 = Debug|Any CPU
		{07FC4C6C-AAA4-4134-953A-FD2A06256D89}.Debug|x86.ActiveCfg = Debug|Any CPU
		{07FC4C6C-AAA4-4134-953A-FD2A06256D89}.Debug|x86.Build.0 = Debug|Any CPU
		{07FC4C6C-AAA4-4134-953A-FD2A06256D89}.Release|Any CPU.ActiveCfg = Release|Any CPU
		{07FC4C6C-AAA4-4134-953A-FD2A06256D89}.Release|Any CPU.Build.0 = Release|Any CPU
		{07FC4C6C-AAA4-4134-953A-FD2A06256D89}.Release|x64.ActiveCfg = Release|Any CPU
		{07FC4C6C-AAA4-4134-953A-FD2A06256D89}.Release|x64.Build.0 = Release|Any CPU
		{07FC4C6C-AAA4-4134-953A-FD2A06256D89}.Release|x86.ActiveCfg = Release|Any CPU
		{07FC4C6C-AAA4-4134-953A-FD2A06256D89}.Release|x86.Build.0 = Release|Any CPU
		{7625C334-FA1E-4729-989B-EFC6E8A6C2B4}.Debug|Any CPU.ActiveCfg = Debug|Any CPU
		{7625C334-FA1E-4729-989B-EFC6E8A6C2B4}.Debug|Any CPU.Build.0 = Debug|Any CPU
		{7625C334-FA1E-4729-989B-EFC6E8A6C2B4}.Debug|x64.ActiveCfg = Debug|Any CPU
		{7625C334-FA1E-4729-989B-EFC6E8A6C2B4}.Debug|x64.Build.0 = Debug|Any CPU
		{7625C334-FA1E-4729-989B-EFC6E8A6C2B4}.Debug|x86.ActiveCfg = Debug|Any CPU
		{7625C334-FA1E-4729-989B-EFC6E8A6C2B4}.Debug|x86.Build.0 = Debug|Any CPU
		{7625C334-FA1E-4729-989B-EFC6E8A6C2B4}.Release|Any CPU.ActiveCfg = Release|Any CPU
		{7625C334-FA1E-4729-989B-EFC6E8A6C2B4}.Release|Any CPU.Build.0 = Release|Any CPU
		{7625C334-FA1E-4729-989B-EFC6E8A6C2B4}.Release|x64.ActiveCfg = Release|Any CPU
		{7625C334-FA1E-4729-989B-EFC6E8A6C2B4}.Release|x64.Build.0 = Release|Any CPU
		{7625C334-FA1E-4729-989B-EFC6E8A6C2B4}.Release|x86.ActiveCfg = Release|Any CPU
		{7625C334-FA1E-4729-989B-EFC6E8A6C2B4}.Release|x86.Build.0 = Release|Any CPU
		{30FD7B46-C8CD-4F34-BBEB-10217B9F88CF}.Debug|Any CPU.ActiveCfg = Debug|Any CPU
		{30FD7B46-C8CD-4F34-BBEB-10217B9F88CF}.Debug|Any CPU.Build.0 = Debug|Any CPU
		{30FD7B46-C8CD-4F34-BBEB-10217B9F88CF}.Debug|x64.ActiveCfg = Debug|Any CPU
		{30FD7B46-C8CD-4F34-BBEB-10217B9F88CF}.Debug|x64.Build.0 = Debug|Any CPU
		{30FD7B46-C8CD-4F34-BBEB-10217B9F88CF}.Debug|x86.ActiveCfg = Debug|Any CPU
		{30FD7B46-C8CD-4F34-BBEB-10217B9F88CF}.Debug|x86.Build.0 = Debug|Any CPU
		{30FD7B46-C8CD-4F34-BBEB-10217B9F88CF}.Release|Any CPU.ActiveCfg = Release|Any CPU
		{30FD7B46-C8CD-4F34-BBEB-10217B9F88CF}.Release|Any CPU.Build.0 = Release|Any CPU
		{30FD7B46-C8CD-4F34-BBEB-10217B9F88CF}.Release|x64.ActiveCfg = Release|Any CPU
		{30FD7B46-C8CD-4F34-BBEB-10217B9F88CF}.Release|x64.Build.0 = Release|Any CPU
		{30FD7B46-C8CD-4F34-BBEB-10217B9F88CF}.Release|x86.ActiveCfg = Release|Any CPU
		{30FD7B46-C8CD-4F34-BBEB-10217B9F88CF}.Release|x86.Build.0 = Release|Any CPU
		{F45530C2-718B-4CE2-A331-A7FC2CAB1B30}.Debug|Any CPU.ActiveCfg = Debug|Any CPU
		{F45530C2-718B-4CE2-A331-A7FC2CAB1B30}.Debug|Any CPU.Build.0 = Debug|Any CPU
		{F45530C2-718B-4CE2-A331-A7FC2CAB1B30}.Debug|x64.ActiveCfg = Debug|Any CPU
		{F45530C2-718B-4CE2-A331-A7FC2CAB1B30}.Debug|x64.Build.0 = Debug|Any CPU
		{F45530C2-718B-4CE2-A331-A7FC2CAB1B30}.Debug|x86.ActiveCfg = Debug|Any CPU
		{F45530C2-718B-4CE2-A331-A7FC2CAB1B30}.Debug|x86.Build.0 = Debug|Any CPU
		{F45530C2-718B-4CE2-A331-A7FC2CAB1B30}.Release|Any CPU.ActiveCfg = Release|Any CPU
		{F45530C2-718B-4CE2-A331-A7FC2CAB1B30}.Release|Any CPU.Build.0 = Release|Any CPU
		{F45530C2-718B-4CE2-A331-A7FC2CAB1B30}.Release|x64.ActiveCfg = Release|Any CPU
		{F45530C2-718B-4CE2-A331-A7FC2CAB1B30}.Release|x64.Build.0 = Release|Any CPU
		{F45530C2-718B-4CE2-A331-A7FC2CAB1B30}.Release|x86.ActiveCfg = Release|Any CPU
		{F45530C2-718B-4CE2-A331-A7FC2CAB1B30}.Release|x86.Build.0 = Release|Any CPU
		{F3027EAC-8851-49DA-BEE5-3120B0FA2E4D}.Debug|Any CPU.ActiveCfg = Debug|Any CPU
		{F3027EAC-8851-49DA-BEE5-3120B0FA2E4D}.Debug|Any CPU.Build.0 = Debug|Any CPU
		{F3027EAC-8851-49DA-BEE5-3120B0FA2E4D}.Debug|x64.ActiveCfg = Debug|Any CPU
		{F3027EAC-8851-49DA-BEE5-3120B0FA2E4D}.Debug|x64.Build.0 = Debug|Any CPU
		{F3027EAC-8851-49DA-BEE5-3120B0FA2E4D}.Debug|x86.ActiveCfg = Debug|Any CPU
		{F3027EAC-8851-49DA-BEE5-3120B0FA2E4D}.Debug|x86.Build.0 = Debug|Any CPU
		{F3027EAC-8851-49DA-BEE5-3120B0FA2E4D}.Release|Any CPU.ActiveCfg = Release|Any CPU
		{F3027EAC-8851-49DA-BEE5-3120B0FA2E4D}.Release|Any CPU.Build.0 = Release|Any CPU
		{F3027EAC-8851-49DA-BEE5-3120B0FA2E4D}.Release|x64.ActiveCfg = Release|Any CPU
		{F3027EAC-8851-49DA-BEE5-3120B0FA2E4D}.Release|x64.Build.0 = Release|Any CPU
		{F3027EAC-8851-49DA-BEE5-3120B0FA2E4D}.Release|x86.ActiveCfg = Release|Any CPU
		{F3027EAC-8851-49DA-BEE5-3120B0FA2E4D}.Release|x86.Build.0 = Release|Any CPU
		{DC97D16F-7396-4749-B5A5-A515EC13B779}.Debug|Any CPU.ActiveCfg = Debug|Any CPU
		{DC97D16F-7396-4749-B5A5-A515EC13B779}.Debug|Any CPU.Build.0 = Debug|Any CPU
		{DC97D16F-7396-4749-B5A5-A515EC13B779}.Debug|x64.ActiveCfg = Debug|Any CPU
		{DC97D16F-7396-4749-B5A5-A515EC13B779}.Debug|x64.Build.0 = Debug|Any CPU
		{DC97D16F-7396-4749-B5A5-A515EC13B779}.Debug|x86.ActiveCfg = Debug|Any CPU
		{DC97D16F-7396-4749-B5A5-A515EC13B779}.Debug|x86.Build.0 = Debug|Any CPU
		{DC97D16F-7396-4749-B5A5-A515EC13B779}.Release|Any CPU.ActiveCfg = Release|Any CPU
		{DC97D16F-7396-4749-B5A5-A515EC13B779}.Release|Any CPU.Build.0 = Release|Any CPU
		{DC97D16F-7396-4749-B5A5-A515EC13B779}.Release|x64.ActiveCfg = Release|Any CPU
		{DC97D16F-7396-4749-B5A5-A515EC13B779}.Release|x64.Build.0 = Release|Any CPU
		{DC97D16F-7396-4749-B5A5-A515EC13B779}.Release|x86.ActiveCfg = Release|Any CPU
		{DC97D16F-7396-4749-B5A5-A515EC13B779}.Release|x86.Build.0 = Release|Any CPU
		{0D6B62EC-1E80-43BB-BEF7-0F3030B5F491}.Debug|Any CPU.ActiveCfg = Debug|Any CPU
		{0D6B62EC-1E80-43BB-BEF7-0F3030B5F491}.Debug|Any CPU.Build.0 = Debug|Any CPU
		{0D6B62EC-1E80-43BB-BEF7-0F3030B5F491}.Debug|x64.ActiveCfg = Debug|Any CPU
		{0D6B62EC-1E80-43BB-BEF7-0F3030B5F491}.Debug|x64.Build.0 = Debug|Any CPU
		{0D6B62EC-1E80-43BB-BEF7-0F3030B5F491}.Debug|x86.ActiveCfg = Debug|Any CPU
		{0D6B62EC-1E80-43BB-BEF7-0F3030B5F491}.Debug|x86.Build.0 = Debug|Any CPU
		{0D6B62EC-1E80-43BB-BEF7-0F3030B5F491}.Release|Any CPU.ActiveCfg = Release|Any CPU
		{0D6B62EC-1E80-43BB-BEF7-0F3030B5F491}.Release|Any CPU.Build.0 = Release|Any CPU
		{0D6B62EC-1E80-43BB-BEF7-0F3030B5F491}.Release|x64.ActiveCfg = Release|Any CPU
		{0D6B62EC-1E80-43BB-BEF7-0F3030B5F491}.Release|x64.Build.0 = Release|Any CPU
		{0D6B62EC-1E80-43BB-BEF7-0F3030B5F491}.Release|x86.ActiveCfg = Release|Any CPU
		{0D6B62EC-1E80-43BB-BEF7-0F3030B5F491}.Release|x86.Build.0 = Release|Any CPU
		{84BF65E5-EA52-425B-9EBF-30BF0E85C14E}.Debug|Any CPU.ActiveCfg = Debug|Any CPU
		{84BF65E5-EA52-425B-9EBF-30BF0E85C14E}.Debug|Any CPU.Build.0 = Debug|Any CPU
		{84BF65E5-EA52-425B-9EBF-30BF0E85C14E}.Debug|x64.ActiveCfg = Debug|Any CPU
		{84BF65E5-EA52-425B-9EBF-30BF0E85C14E}.Debug|x64.Build.0 = Debug|Any CPU
		{84BF65E5-EA52-425B-9EBF-30BF0E85C14E}.Debug|x86.ActiveCfg = Debug|Any CPU
		{84BF65E5-EA52-425B-9EBF-30BF0E85C14E}.Debug|x86.Build.0 = Debug|Any CPU
		{84BF65E5-EA52-425B-9EBF-30BF0E85C14E}.Release|Any CPU.ActiveCfg = Release|Any CPU
		{84BF65E5-EA52-425B-9EBF-30BF0E85C14E}.Release|Any CPU.Build.0 = Release|Any CPU
		{84BF65E5-EA52-425B-9EBF-30BF0E85C14E}.Release|x64.ActiveCfg = Release|Any CPU
		{84BF65E5-EA52-425B-9EBF-30BF0E85C14E}.Release|x64.Build.0 = Release|Any CPU
		{84BF65E5-EA52-425B-9EBF-30BF0E85C14E}.Release|x86.ActiveCfg = Release|Any CPU
		{84BF65E5-EA52-425B-9EBF-30BF0E85C14E}.Release|x86.Build.0 = Release|Any CPU
		{561F0896-F51E-4DAA-A50F-634CDCBD08DA}.Debug|Any CPU.ActiveCfg = Debug|Any CPU
		{561F0896-F51E-4DAA-A50F-634CDCBD08DA}.Debug|Any CPU.Build.0 = Debug|Any CPU
		{561F0896-F51E-4DAA-A50F-634CDCBD08DA}.Debug|x64.ActiveCfg = Debug|Any CPU
		{561F0896-F51E-4DAA-A50F-634CDCBD08DA}.Debug|x64.Build.0 = Debug|Any CPU
		{561F0896-F51E-4DAA-A50F-634CDCBD08DA}.Debug|x86.ActiveCfg = Debug|Any CPU
		{561F0896-F51E-4DAA-A50F-634CDCBD08DA}.Debug|x86.Build.0 = Debug|Any CPU
		{561F0896-F51E-4DAA-A50F-634CDCBD08DA}.Release|Any CPU.ActiveCfg = Release|Any CPU
		{561F0896-F51E-4DAA-A50F-634CDCBD08DA}.Release|Any CPU.Build.0 = Release|Any CPU
		{561F0896-F51E-4DAA-A50F-634CDCBD08DA}.Release|x64.ActiveCfg = Release|Any CPU
		{561F0896-F51E-4DAA-A50F-634CDCBD08DA}.Release|x64.Build.0 = Release|Any CPU
		{561F0896-F51E-4DAA-A50F-634CDCBD08DA}.Release|x86.ActiveCfg = Release|Any CPU
		{561F0896-F51E-4DAA-A50F-634CDCBD08DA}.Release|x86.Build.0 = Release|Any CPU
		{EBD9A9CE-77E1-4742-9ED6-F04F9BAB1206}.Debug|Any CPU.ActiveCfg = Debug|Any CPU
		{EBD9A9CE-77E1-4742-9ED6-F04F9BAB1206}.Debug|Any CPU.Build.0 = Debug|Any CPU
		{EBD9A9CE-77E1-4742-9ED6-F04F9BAB1206}.Debug|x64.ActiveCfg = Debug|Any CPU
		{EBD9A9CE-77E1-4742-9ED6-F04F9BAB1206}.Debug|x64.Build.0 = Debug|Any CPU
		{EBD9A9CE-77E1-4742-9ED6-F04F9BAB1206}.Debug|x86.ActiveCfg = Debug|Any CPU
		{EBD9A9CE-77E1-4742-9ED6-F04F9BAB1206}.Debug|x86.Build.0 = Debug|Any CPU
		{EBD9A9CE-77E1-4742-9ED6-F04F9BAB1206}.Release|Any CPU.ActiveCfg = Release|Any CPU
		{EBD9A9CE-77E1-4742-9ED6-F04F9BAB1206}.Release|Any CPU.Build.0 = Release|Any CPU
		{EBD9A9CE-77E1-4742-9ED6-F04F9BAB1206}.Release|x64.ActiveCfg = Release|Any CPU
		{EBD9A9CE-77E1-4742-9ED6-F04F9BAB1206}.Release|x64.Build.0 = Release|Any CPU
		{EBD9A9CE-77E1-4742-9ED6-F04F9BAB1206}.Release|x86.ActiveCfg = Release|Any CPU
		{EBD9A9CE-77E1-4742-9ED6-F04F9BAB1206}.Release|x86.Build.0 = Release|Any CPU
		{430A345F-0313-4A81-8324-24F12546DD8E}.Debug|Any CPU.ActiveCfg = Debug|Any CPU
		{430A345F-0313-4A81-8324-24F12546DD8E}.Debug|Any CPU.Build.0 = Debug|Any CPU
		{430A345F-0313-4A81-8324-24F12546DD8E}.Debug|x64.ActiveCfg = Debug|Any CPU
		{430A345F-0313-4A81-8324-24F12546DD8E}.Debug|x64.Build.0 = Debug|Any CPU
		{430A345F-0313-4A81-8324-24F12546DD8E}.Debug|x86.ActiveCfg = Debug|Any CPU
		{430A345F-0313-4A81-8324-24F12546DD8E}.Debug|x86.Build.0 = Debug|Any CPU
		{430A345F-0313-4A81-8324-24F12546DD8E}.Release|Any CPU.ActiveCfg = Release|Any CPU
		{430A345F-0313-4A81-8324-24F12546DD8E}.Release|Any CPU.Build.0 = Release|Any CPU
		{430A345F-0313-4A81-8324-24F12546DD8E}.Release|x64.ActiveCfg = Release|Any CPU
		{430A345F-0313-4A81-8324-24F12546DD8E}.Release|x64.Build.0 = Release|Any CPU
		{430A345F-0313-4A81-8324-24F12546DD8E}.Release|x86.ActiveCfg = Release|Any CPU
		{430A345F-0313-4A81-8324-24F12546DD8E}.Release|x86.Build.0 = Release|Any CPU
	EndGlobalSection
	GlobalSection(SolutionProperties) = preSolution
		HideSolutionNode = FALSE
	EndGlobalSection
	GlobalSection(NestedProjects) = preSolution
		{07FC4C6C-AAA4-4134-953A-FD2A06256D89} = {827E0CD3-B72D-47B6-A68D-7590B98EB39B}
		{EC447DCF-ABFA-6E24-52A5-D7FD48A5C558} = {827E0CD3-B72D-47B6-A68D-7590B98EB39B}
		{7625C334-FA1E-4729-989B-EFC6E8A6C2B4} = {EC447DCF-ABFA-6E24-52A5-D7FD48A5C558}
		{30FD7B46-C8CD-4F34-BBEB-10217B9F88CF} = {EC447DCF-ABFA-6E24-52A5-D7FD48A5C558}
		{F45530C2-718B-4CE2-A331-A7FC2CAB1B30} = {827E0CD3-B72D-47B6-A68D-7590B98EB39B}
		{F3027EAC-8851-49DA-BEE5-3120B0FA2E4D} = {827E0CD3-B72D-47B6-A68D-7590B98EB39B}
		{52BF7FB6-37FF-5100-EFD1-124EFF302675} = {827E0CD3-B72D-47B6-A68D-7590B98EB39B}
		{DC97D16F-7396-4749-B5A5-A515EC13B779} = {52BF7FB6-37FF-5100-EFD1-124EFF302675}
		{0D6B62EC-1E80-43BB-BEF7-0F3030B5F491} = {52BF7FB6-37FF-5100-EFD1-124EFF302675}
		{84BF65E5-EA52-425B-9EBF-30BF0E85C14E} = {EC447DCF-ABFA-6E24-52A5-D7FD48A5C558}
		{561F0896-F51E-4DAA-A50F-634CDCBD08DA} = {EC447DCF-ABFA-6E24-52A5-D7FD48A5C558}
		{EBD9A9CE-77E1-4742-9ED6-F04F9BAB1206} = {0AB3BF05-4346-4AA6-1389-037BE0695223}
		{430A345F-0313-4A81-8324-24F12546DD8E} = {827E0CD3-B72D-47B6-A68D-7590B98EB39B}
	EndGlobalSection
EndGlobal
